
Microsoft Visual Studio Solution File, Format Version 12.00
# Visual Studio Version 17
VisualStudioVersion = 17.9.34728.123
MinimumVisualStudioVersion = 10.0.40219.1
Project("{FAE04EC0-301F-11D3-BF4B-00C04F79EFBC}") = "FlutterXsql", "FlutterXsql\FlutterXsql.csproj", "{F32841B9-7BF9-4A9A-B324-B6B3FB207994}"
EndProject
Global
	GlobalSection(SolutionConfigurationPlatforms) = preSolution
		Debug|Any CPU = Debug|Any CPU
		Release|Any CPU = Release|Any CPU
	EndGlobalSection
	GlobalSection(ProjectConfigurationPlatforms) = postSolution
		{F32841B9-7BF9-4A9A-B324-B6B3FB207994}.Debug|Any CPU.ActiveCfg = Debug|Any CPU
		{F32841B9-7BF9-4A9A-B324-B6B3FB207994}.Debug|Any CPU.Build.0 = Debug|Any CPU
		{F32841B9-7BF9-4A9A-B324-B6B3FB207994}.Release|Any CPU.ActiveCfg = Release|Any CPU
		{F32841B9-7BF9-4A9A-B324-B6B3FB207994}.Release|Any CPU.Build.0 = Release|Any CPU
	EndGlobalSection
	GlobalSection(SolutionProperties) = preSolution
		HideSolutionNode = FALSE
	EndGlobalSection
	GlobalSection(ExtensibilityGlobals) = postSolution
		SolutionGuid = {680341DD-E0E5-4C3C-A2AB-7C9D01540034}
	EndGlobalSection
EndGlobal
